
Microsoft Visual Studio Solution File, Format Version 12.00
# Visual Studio Version 17
VisualStudioVersion = 17.2.32526.322
MinimumVisualStudioVersion = 10.0.40219.1
Project("{8BC9CEB8-8B4A-11D0-8D11-00A0C91BC942}") = "runner", "runner\runner.vcxproj", "{1F70EEB3-898A-431D-8095-9D7A58CE762B}"
EndProject
Global
	GlobalSection(SolutionConfigurationPlatforms) = preSolution
		Debug|x64 = Debug|x64
		Release|x64 = Release|x64
	EndGlobalSection
	GlobalSection(ProjectConfigurationPlatforms) = postSolution
		{1F70EEB3-898A-431D-8095-9D7A58CE762B}.Debug|x64.ActiveCfg = Debug|x64
		{1F70EEB3-898A-431D-8095-9D7A58CE762B}.Debug|x64.Build.0 = Debug|x64
		{1F70EEB3-898A-431D-8095-9D7A58CE762B}.Release|x64.ActiveCfg = Release|x64
		{1F70EEB3-898A-431D-8095-9D7A58CE762B}.Release|x64.Build.0 = Release|x64
	EndGlobalSection
	GlobalSection(SolutionProperties) = preSolution
		HideSolutionNode = FALSE
	EndGlobalSection
	GlobalSection(ExtensibilityGlobals) = postSolution
		SolutionGuid = {2AFBCAC6-92F2-4BA6-85AA-A444A240245C}
	EndGlobalSection
EndGlobal
